
Microsoft Visual Studio Solution File, Format Version 12.00
# Visual Studio Version 17
VisualStudioVersion = 17.9.34622.214
MinimumVisualStudioVersion = 10.0.40219.1
Project("{9A19103F-16F7-4668-BE54-9A1E7A4F7556}") = "FreedomBlaze", "src\FreedomBlaze\FreedomBlaze.csproj", "{595A62FD-B0D8-4CC3-8C85-8AD09F26982E}"
EndProject
Project("{9A19103F-16F7-4668-BE54-9A1E7A4F7556}") = "FreedomBlaze.Client", "src\FreedomBlaze.Client\FreedomBlaze.Client.csproj", "{31F5FED2-97D6-44CB-BD97-0C912F1B43B5}"
EndProject
Project("{2150E333-8FDC-42A3-9474-1A3956D46DE8}") = "Solution Items", "Solution Items", "{7E7748AC-8D60-4DE8-A38E-9EE30DB31886}"
	ProjectSection(SolutionItems) = preProject
		.editorconfig = .editorconfig
		.gitignore = .gitignore
		docker-compose.yml = docker-compose.yml
		Dockerfile = Dockerfile
		global.json = global.json
		README.md = README.md
	EndProjectSection
EndProject
Project("{2150E333-8FDC-42A3-9474-1A3956D46DE8}") = "src", "src", "{DE2782C4-CCB1-40F8-A7CE-136E54701248}"
EndProject
Project("{2150E333-8FDC-42A3-9474-1A3956D46DE8}") = "submodules", "submodules", "{1B8BE3CE-795B-4601-9104-922DE37450EB}"
EndProject
Project("{2150E333-8FDC-42A3-9474-1A3956D46DE8}") = "Phoenixd.NET", "Phoenixd.NET", "{11168A79-8629-4749-8DC6-D34B13F4086A}"
EndProject
Project("{9A19103F-16F7-4668-BE54-9A1E7A4F7556}") = "Phoenixd.NET", "src\submodules\phoenixd.NET\Phoenixd.NET\Phoenixd.NET.csproj", "{64D3B6FD-8937-44AC-86C6-DBEF371FFDE6}"
EndProject
Project("{9A19103F-16F7-4668-BE54-9A1E7A4F7556}") = "Phoenixd.NET.Tests", "src\submodules\phoenixd.NET\Phoenixd.NET.Core.Tests\Phoenixd.NET.Tests.csproj", "{A5D815D6-2CC6-4F98-B09E-E4D5B2D54E62}"
EndProject
Project("{9A19103F-16F7-4668-BE54-9A1E7A4F7556}") = "FreedomBlaze.Resources", "FreedomBlaze.Resources\FreedomBlaze.Resources.csproj", "{5EE6DC39-ED12-4568-BCDE-529ED7D99F91}"
EndProject
Global
	GlobalSection(SolutionConfigurationPlatforms) = preSolution
		Debug|Any CPU = Debug|Any CPU
		Release|Any CPU = Release|Any CPU
	EndGlobalSection
	GlobalSection(ProjectConfigurationPlatforms) = postSolution
		{595A62FD-B0D8-4CC3-8C85-8AD09F26982E}.Debug|Any CPU.ActiveCfg = Debug|Any CPU
		{595A62FD-B0D8-4CC3-8C85-8AD09F26982E}.Debug|Any CPU.Build.0 = Debug|Any CPU
		{595A62FD-B0D8-4CC3-8C85-8AD09F26982E}.Release|Any CPU.ActiveCfg = Release|Any CPU
		{595A62FD-B0D8-4CC3-8C85-8AD09F26982E}.Release|Any CPU.Build.0 = Release|Any CPU
		{31F5FED2-97D6-44CB-BD97-0C912F1B43B5}.Debug|Any CPU.ActiveCfg = Debug|Any CPU
		{31F5FED2-97D6-44CB-BD97-0C912F1B43B5}.Debug|Any CPU.Build.0 = Debug|Any CPU
		{31F5FED2-97D6-44CB-BD97-0C912F1B43B5}.Release|Any CPU.ActiveCfg = Release|Any CPU
		{31F5FED2-97D6-44CB-BD97-0C912F1B43B5}.Release|Any CPU.Build.0 = Release|Any CPU
		{64D3B6FD-8937-44AC-86C6-DBEF371FFDE6}.Debug|Any CPU.ActiveCfg = Debug|Any CPU
		{64D3B6FD-8937-44AC-86C6-DBEF371FFDE6}.Debug|Any CPU.Build.0 = Debug|Any CPU
		{64D3B6FD-8937-44AC-86C6-DBEF371FFDE6}.Release|Any CPU.ActiveCfg = Release|Any CPU
		{64D3B6FD-8937-44AC-86C6-DBEF371FFDE6}.Release|Any CPU.Build.0 = Release|Any CPU
		{A5D815D6-2CC6-4F98-B09E-E4D5B2D54E62}.Debug|Any CPU.ActiveCfg = Debug|Any CPU
		{A5D815D6-2CC6-4F98-B09E-E4D5B2D54E62}.Debug|Any CPU.Build.0 = Debug|Any CPU
		{A5D815D6-2CC6-4F98-B09E-E4D5B2D54E62}.Release|Any CPU.ActiveCfg = Release|Any CPU
		{A5D815D6-2CC6-4F98-B09E-E4D5B2D54E62}.Release|Any CPU.Build.0 = Release|Any CPU
		{5EE6DC39-ED12-4568-BCDE-529ED7D99F91}.Debug|Any CPU.ActiveCfg = Debug|Any CPU
		{5EE6DC39-ED12-4568-BCDE-529ED7D99F91}.Debug|Any CPU.Build.0 = Debug|Any CPU
		{5EE6DC39-ED12-4568-BCDE-529ED7D99F91}.Release|Any CPU.ActiveCfg = Release|Any CPU
		{5EE6DC39-ED12-4568-BCDE-529ED7D99F91}.Release|Any CPU.Build.0 = Release|Any CPU
	EndGlobalSection
	GlobalSection(SolutionProperties) = preSolution
		HideSolutionNode = FALSE
	EndGlobalSection
	GlobalSection(NestedProjects) = preSolution
		{595A62FD-B0D8-4CC3-8C85-8AD09F26982E} = {DE2782C4-CCB1-40F8-A7CE-136E54701248}
		{31F5FED2-97D6-44CB-BD97-0C912F1B43B5} = {DE2782C4-CCB1-40F8-A7CE-136E54701248}
		{1B8BE3CE-795B-4601-9104-922DE37450EB} = {DE2782C4-CCB1-40F8-A7CE-136E54701248}
		{11168A79-8629-4749-8DC6-D34B13F4086A} = {1B8BE3CE-795B-4601-9104-922DE37450EB}
		{64D3B6FD-8937-44AC-86C6-DBEF371FFDE6} = {11168A79-8629-4749-8DC6-D34B13F4086A}
		{A5D815D6-2CC6-4F98-B09E-E4D5B2D54E62} = {11168A79-8629-4749-8DC6-D34B13F4086A}
		{5EE6DC39-ED12-4568-BCDE-529ED7D99F91} = {DE2782C4-CCB1-40F8-A7CE-136E54701248}
	EndGlobalSection
	GlobalSection(ExtensibilityGlobals) = postSolution
		SolutionGuid = {1EEBC486-9A9A-4C99-A227-D5A701A2C253}
	EndGlobalSection
EndGlobal
